
Microsoft Visual Studio Solution File, Format Version 12.00
# Visual Studio Version 17
VisualStudioVersion = 17.6.33723.286
MinimumVisualStudioVersion = 10.0.40219.1
Project("{FAE04EC0-301F-11D3-BF4B-00C04F79EFBC}") = "CSCord-App", "CSCord-App\CSCord-App.csproj", "{496CDF11-0F15-4CC8-9944-A3094D5B79A1}"
EndProject
Global
	GlobalSection(SolutionConfigurationPlatforms) = preSolution
		Debug|Any CPU = Debug|Any CPU
		Release|Any CPU = Release|Any CPU
	EndGlobalSection
	GlobalSection(ProjectConfigurationPlatforms) = postSolution
		{496CDF11-0F15-4CC8-9944-A3094D5B79A1}.Debug|Any CPU.ActiveCfg = Debug|Any CPU
		{496CDF11-0F15-4CC8-9944-A3094D5B79A1}.Debug|Any CPU.Build.0 = Debug|Any CPU
		{496CDF11-0F15-4CC8-9944-A3094D5B79A1}.Release|Any CPU.ActiveCfg = Release|Any CPU
		{496CDF11-0F15-4CC8-9944-A3094D5B79A1}.Release|Any CPU.Build.0 = Release|Any CPU
	EndGlobalSection
	GlobalSection(SolutionProperties) = preSolution
		HideSolutionNode = FALSE
	EndGlobalSection
	GlobalSection(ExtensibilityGlobals) = postSolution
		SolutionGuid = {1FF38BF4-6519-4CAD-9AFD-824062C9D54F}
	EndGlobalSection
EndGlobal
